
Microsoft Visual Studio Solution File, Format Version 12.00
# Visual Studio Version 17
VisualStudioVersion = 17.7.34031.279
MinimumVisualStudioVersion = 10.0.40219.1
Project("{FAE04EC0-301F-11D3-BF4B-00C04F79EFBC}") = "TSP", "TSP\TSP.csproj", "{D795808D-92FD-4C55-97DB-BE3E8C0952C9}"
EndProject
Global
	GlobalSection(SolutionConfigurationPlatforms) = preSolution
		Debug|Any CPU = Debug|Any CPU
		Release|Any CPU = Release|Any CPU
	EndGlobalSection
	GlobalSection(ProjectConfigurationPlatforms) = postSolution
		{D795808D-92FD-4C55-97DB-BE3E8C0952C9}.Debug|Any CPU.ActiveCfg = Debug|Any CPU
		{D795808D-92FD-4C55-97DB-BE3E8C0952C9}.Debug|Any CPU.Build.0 = Debug|Any CPU
		{D795808D-92FD-4C55-97DB-BE3E8C0952C9}.Release|Any CPU.ActiveCfg = Release|Any CPU
		{D795808D-92FD-4C55-97DB-BE3E8C0952C9}.Release|Any CPU.Build.0 = Release|Any CPU
	EndGlobalSection
	GlobalSection(SolutionProperties) = preSolution
		HideSolutionNode = FALSE
	EndGlobalSection
	GlobalSection(ExtensibilityGlobals) = postSolution
		SolutionGuid = {CF2E2E8D-1197-48AD-8D34-4D749478C6AE}
	EndGlobalSection
EndGlobal
